{
  "version": 4,
  "terraform_version": "1.9.0",
  "serial": 5,
  "lineage": "a1b2c3d4-e5f6-7890-abcd-ef1234567890",
  "outputs": {},
  "resources": [
    {
      "mode": "managed",
      "type": "aws_instance",
      "name": "web",
      "provider": "provider[\"registry.terraform.io/hashicorp/aws\"]",
      "instances": [
        {
          "schema_version": 1,
          "attributes": {
            "id": "i-0abc123def456789",
            "ami": "ami-0abcdef1234567890",
            "instance_type": "t3.micro",
            "availability_zone": "us-east-1a",
            "subnet_id": "subnet-0abc123",
            "vpc_security_group_ids": ["sg-0abc123"],
            "key_name": "my-key",
            "iam_instance_profile": null,
            "monitoring": false,
            "ebs_optimized": false,
            "tags": {
              "Name": "web-server",
              "Environment": "production"
            },
            "tags_all": {
              "Name": "web-server",
              "Environment": "production"
            }
          },
          "sensitive_attributes": [],
          "dependencies": []
        }
      ]
    },
    {
      "mode": "managed",
      "type": "aws_security_group",
      "name": "web",
      "provider": "provider[\"registry.terraform.io/hashicorp/aws\"]",
      "instances": [
        {
          "schema_version": 1,
          "attributes": {
            "id": "sg-0abc123",
            "name": "web-sg",
            "description": "Security group for web servers",
            "vpc_id": "vpc-0abc123",
            "ingress": [
              {
                "from_port": 443,
                "to_port": 443,
                "protocol": "tcp",
                "cidr_blocks": ["10.0.0.0/8"],
                "ipv6_cidr_blocks": [],
                "security_groups": [],
                "self": false,
                "description": "HTTPS from internal"
              }
            ],
            "egress": [
              {
                "from_port": 0,
                "to_port": 0,
                "protocol": "-1",
                "cidr_blocks": ["0.0.0.0/0"],
                "ipv6_cidr_blocks": [],
                "security_groups": [],
                "self": false,
                "description": "Allow all outbound"
              }
            ],
            "tags": {
              "Name": "web-sg"
            },
            "tags_all": {
              "Name": "web-sg"
            },
            "owner_id": "123456789012"
          },
          "sensitive_attributes": [],
          "dependencies": []
        }
      ]
    },
    {
      "mode": "managed",
      "type": "aws_s3_bucket",
      "name": "logs",
      "provider": "provider[\"registry.terraform.io/hashicorp/aws\"]",
      "instances": [
        {
          "schema_version": 0,
          "attributes": {
            "id": "my-app-logs-bucket",
            "bucket": "my-app-logs-bucket",
            "versioning": {
              "enabled": true,
              "mfa_delete": false
            },
            "server_side_encryption_configuration": {
              "rule": {
                "apply_server_side_encryption_by_default": {
                  "sse_algorithm": "aws:kms",
                  "kms_master_key_id": null
                },
                "bucket_key_enabled": true
              }
            },
            "tags": {
              "Name": "app-logs"
            },
            "tags_all": {
              "Name": "app-logs"
            }
          },
          "sensitive_attributes": [],
          "dependencies": []
        }
      ]
    },
    {
      "mode": "managed",
      "type": "aws_iam_role",
      "name": "app",
      "provider": "provider[\"registry.terraform.io/hashicorp/aws\"]",
      "instances": [
        {
          "schema_version": 0,
          "attributes": {
            "id": "app-role",
            "name": "app-role",
            "path": "/",
            "assume_role_policy": "{\"Version\":\"2012-10-17\",\"Statement\":[{\"Effect\":\"Allow\",\"Principal\":{\"Service\":\"ec2.amazonaws.com\"},\"Action\":\"sts:AssumeRole\"}]}",
            "description": "Role for the application",
            "max_session_duration": 3600,
            "managed_policy_arns": [
              "arn:aws:iam::123456789012:policy/app-policy"
            ],
            "tags": {},
            "tags_all": {}
          },
          "sensitive_attributes": [],
          "dependencies": []
        }
      ]
    },
    {
      "mode": "data",
      "type": "aws_caller_identity",
      "name": "current",
      "provider": "provider[\"registry.terraform.io/hashicorp/aws\"]",
      "instances": [
        {
          "schema_version": 0,
          "attributes": {
            "account_id": "123456789012",
            "arn": "arn:aws:iam::123456789012:root",
            "id": "123456789012"
          }
        }
      ]
    }
  ]
}
